
Microsoft Visual Studio Solution File, Format Version 12.00
# Visual Studio Version 16
VisualStudioVersion = 16.0.29613.14
MinimumVisualStudioVersion = 10.0.40219.1
Project("{FAE04EC0-301F-11D3-BF4B-00C04F79EFBC}") = "CloudStream2Console", "CloudStream2Console\CloudStream2Console.csproj", "{DEF4E7AF-5C6B-4A43-B26E-A9CFDFD2C80E}"
EndProject
Global
	GlobalSection(SolutionConfigurationPlatforms) = preSolution
		Debug|Any CPU = Debug|Any CPU
		Release|Any CPU = Release|Any CPU
	EndGlobalSection
	GlobalSection(ProjectConfigurationPlatforms) = postSolution
		{DEF4E7AF-5C6B-4A43-B26E-A9CFDFD2C80E}.Debug|Any CPU.ActiveCfg = Debug|Any CPU
		{DEF4E7AF-5C6B-4A43-B26E-A9CFDFD2C80E}.Debug|Any CPU.Build.0 = Debug|Any CPU
		{DEF4E7AF-5C6B-4A43-B26E-A9CFDFD2C80E}.Release|Any CPU.ActiveCfg = Release|Any CPU
		{DEF4E7AF-5C6B-4A43-B26E-A9CFDFD2C80E}.Release|Any CPU.Build.0 = Release|Any CPU
	EndGlobalSection
	GlobalSection(SolutionProperties) = preSolution
		HideSolutionNode = FALSE
	EndGlobalSection
	GlobalSection(ExtensibilityGlobals) = postSolution
		SolutionGuid = {061E3097-E03B-4A4E-8ACF-5FA2F9AE20D1}
	EndGlobalSection
EndGlobal
